
Microsoft Visual Studio Solution File, Format Version 12.00
# Visual Studio Version 17
VisualStudioVersion = 17.8.34511.84
MinimumVisualStudioVersion = 10.0.40219.1
Project("{FAE04EC0-301F-11D3-BF4B-00C04F79EFBC}") = "ProyectoWeb1.0", "ProyectoWeb1.0\ProyectoWeb1.0.csproj", "{DA4A1994-6A98-4FCB-92B6-B2DF606EF03A}"
EndProject
Global
	GlobalSection(SolutionConfigurationPlatforms) = preSolution
		Debug|Any CPU = Debug|Any CPU
		Release|Any CPU = Release|Any CPU
	EndGlobalSection
	GlobalSection(ProjectConfigurationPlatforms) = postSolution
		{DA4A1994-6A98-4FCB-92B6-B2DF606EF03A}.Debug|Any CPU.ActiveCfg = Debug|Any CPU
		{DA4A1994-6A98-4FCB-92B6-B2DF606EF03A}.Debug|Any CPU.Build.0 = Debug|Any CPU
		{DA4A1994-6A98-4FCB-92B6-B2DF606EF03A}.Release|Any CPU.ActiveCfg = Release|Any CPU
		{DA4A1994-6A98-4FCB-92B6-B2DF606EF03A}.Release|Any CPU.Build.0 = Release|Any CPU
	EndGlobalSection
	GlobalSection(SolutionProperties) = preSolution
		HideSolutionNode = FALSE
	EndGlobalSection
	GlobalSection(ExtensibilityGlobals) = postSolution
		SolutionGuid = {A5422E90-0BD6-47BA-B62B-B966F49428BE}
	EndGlobalSection
EndGlobal
